
Microsoft Visual Studio Solution File, Format Version 12.00
# Visual Studio 15
VisualStudioVersion = 15.0.28307.572
MinimumVisualStudioVersion = 10.0.40219.1
Project("{FAE04EC0-301F-11D3-BF4B-00C04F79EFBC}") = "DrogStore", "DrogStore\DrogStore.csproj", "{9246F113-9A26-4CB6-8840-66F0F297431D}"
EndProject
Global
	GlobalSection(SolutionConfigurationPlatforms) = preSolution
		Debug|Any CPU = Debug|Any CPU
		Release|Any CPU = Release|Any CPU
	EndGlobalSection
	GlobalSection(ProjectConfigurationPlatforms) = postSolution
		{9246F113-9A26-4CB6-8840-66F0F297431D}.Debug|Any CPU.ActiveCfg = Debug|Any CPU
		{9246F113-9A26-4CB6-8840-66F0F297431D}.Debug|Any CPU.Build.0 = Debug|Any CPU
		{9246F113-9A26-4CB6-8840-66F0F297431D}.Release|Any CPU.ActiveCfg = Release|Any CPU
		{9246F113-9A26-4CB6-8840-66F0F297431D}.Release|Any CPU.Build.0 = Release|Any CPU
	EndGlobalSection
	GlobalSection(SolutionProperties) = preSolution
		HideSolutionNode = FALSE
	EndGlobalSection
	GlobalSection(ExtensibilityGlobals) = postSolution
		SolutionGuid = {4B5FF8D5-9635-472A-A4DD-18F0892AA98C}
	EndGlobalSection
EndGlobal
